
Microsoft Visual Studio Solution File, Format Version 12.00
# Visual Studio Version 17
VisualStudioVersion = 17.9.34728.123
MinimumVisualStudioVersion = 10.0.40219.1
Project("{9A19103F-16F7-4668-BE54-9A1E7A4F7556}") = "Library_MVC", "Library_MVC\Library_MVC.csproj", "{6D7E94A8-4910-44C6-8FDB-5C10A3291D26}"
EndProject
Project("{E53339B2-1760-4266-BCC7-CA923CBCF16C}") = "docker-compose", "docker-compose.dcproj", "{85351FC1-F5ED-4D49-A956-6C32382A3836}"
EndProject
Global
	GlobalSection(SolutionConfigurationPlatforms) = preSolution
		Debug|Any CPU = Debug|Any CPU
		Release|Any CPU = Release|Any CPU
	EndGlobalSection
	GlobalSection(ProjectConfigurationPlatforms) = postSolution
		{6D7E94A8-4910-44C6-8FDB-5C10A3291D26}.Debug|Any CPU.ActiveCfg = Debug|Any CPU
		{6D7E94A8-4910-44C6-8FDB-5C10A3291D26}.Debug|Any CPU.Build.0 = Debug|Any CPU
		{6D7E94A8-4910-44C6-8FDB-5C10A3291D26}.Release|Any CPU.ActiveCfg = Release|Any CPU
		{6D7E94A8-4910-44C6-8FDB-5C10A3291D26}.Release|Any CPU.Build.0 = Release|Any CPU
		{85351FC1-F5ED-4D49-A956-6C32382A3836}.Debug|Any CPU.ActiveCfg = Debug|Any CPU
		{85351FC1-F5ED-4D49-A956-6C32382A3836}.Debug|Any CPU.Build.0 = Debug|Any CPU
		{85351FC1-F5ED-4D49-A956-6C32382A3836}.Release|Any CPU.ActiveCfg = Release|Any CPU
		{85351FC1-F5ED-4D49-A956-6C32382A3836}.Release|Any CPU.Build.0 = Release|Any CPU
	EndGlobalSection
	GlobalSection(SolutionProperties) = preSolution
		HideSolutionNode = FALSE
	EndGlobalSection
	GlobalSection(ExtensibilityGlobals) = postSolution
		SolutionGuid = {454F511C-C010-40A3-81AB-642AB85600E2}
	EndGlobalSection
EndGlobal
